
Microsoft Visual Studio Solution File, Format Version 12.00
Project("{FAE04EC0-301F-11D3-BF4B-00C04F79EFBC}") = "Tradeinator.DataIngestionStocks", "Tradeinator.DataIngestionStocks\Tradeinator.DataIngestionStocks.csproj", "{8C43EAD4-776A-4578-AD41-C434CBAEC5AC}"
EndProject
Project("{FAE04EC0-301F-11D3-BF4B-00C04F79EFBC}") = "Tradeinator.Shared", "Tradeinator.Shared\Tradeinator.Shared.csproj", "{5E4C1124-892E-4FAE-9900-6C7DBCA3CB1D}"
EndProject
Project("{FAE04EC0-301F-11D3-BF4B-00C04F79EFBC}") = "Tradeinator.Listener", "Tradeinator.Listener\Tradeinator.Listener.csproj", "{4EFF3DC8-F9F9-4EB0-A0DA-9D87D867729A}"
EndProject
Project("{FAE04EC0-301F-11D3-BF4B-00C04F79EFBC}") = "Tradeinator.Strategy.MeanReversion", "Tradeinator.Strategy.MeanReversion\Tradeinator.Strategy.MeanReversion.csproj", "{BF0F204C-F073-476E-91CF-E35B0D430AA7}"
EndProject
Project("{FAE04EC0-301F-11D3-BF4B-00C04F79EFBC}") = "Tradeinator.Backtester", "Tradeinator.Backtester\Tradeinator.Backtester.csproj", "{9BBCA798-1C4E-4C7F-9F5E-FF01481CFF76}"
EndProject
Project("{FAE04EC0-301F-11D3-BF4B-00C04F79EFBC}") = "Tradeinator.Strategy.Shared", "Tradeinator.Strategy.Shared\Tradeinator.Strategy.Shared.csproj", "{BB2C97F6-2AF4-4121-B91F-4743FAA846B7}"
EndProject
Project("{FAE04EC0-301F-11D3-BF4B-00C04F79EFBC}") = "Tradeinator.DataIngestionCrypto", "Tradeinator.DataIngestionCrypto\Tradeinator.DataIngestionCrypto.csproj", "{4E4BC102-088E-4965-887D-CFE5DE2ED0C7}"
EndProject
Project("{FAE04EC0-301F-11D3-BF4B-00C04F79EFBC}") = "Tradeinator.DataIngestion.Shared", "Tradeinator.DataIngestion.Shared\Tradeinator.DataIngestion.Shared.csproj", "{5DB2F29D-867F-465C-B509-B3AFCBDF0B69}"
EndProject
Global
	GlobalSection(SolutionConfigurationPlatforms) = preSolution
		Debug|Any CPU = Debug|Any CPU
		Release|Any CPU = Release|Any CPU
	EndGlobalSection
	GlobalSection(ProjectConfigurationPlatforms) = postSolution
		{8C43EAD4-776A-4578-AD41-C434CBAEC5AC}.Debug|Any CPU.ActiveCfg = Debug|Any CPU
		{8C43EAD4-776A-4578-AD41-C434CBAEC5AC}.Debug|Any CPU.Build.0 = Debug|Any CPU
		{8C43EAD4-776A-4578-AD41-C434CBAEC5AC}.Release|Any CPU.ActiveCfg = Release|Any CPU
		{8C43EAD4-776A-4578-AD41-C434CBAEC5AC}.Release|Any CPU.Build.0 = Release|Any CPU
		{5E4C1124-892E-4FAE-9900-6C7DBCA3CB1D}.Debug|Any CPU.ActiveCfg = Debug|Any CPU
		{5E4C1124-892E-4FAE-9900-6C7DBCA3CB1D}.Debug|Any CPU.Build.0 = Debug|Any CPU
		{5E4C1124-892E-4FAE-9900-6C7DBCA3CB1D}.Release|Any CPU.ActiveCfg = Release|Any CPU
		{5E4C1124-892E-4FAE-9900-6C7DBCA3CB1D}.Release|Any CPU.Build.0 = Release|Any CPU
		{4EFF3DC8-F9F9-4EB0-A0DA-9D87D867729A}.Debug|Any CPU.ActiveCfg = Debug|Any CPU
		{4EFF3DC8-F9F9-4EB0-A0DA-9D87D867729A}.Debug|Any CPU.Build.0 = Debug|Any CPU
		{4EFF3DC8-F9F9-4EB0-A0DA-9D87D867729A}.Release|Any CPU.ActiveCfg = Release|Any CPU
		{4EFF3DC8-F9F9-4EB0-A0DA-9D87D867729A}.Release|Any CPU.Build.0 = Release|Any CPU
		{BF0F204C-F073-476E-91CF-E35B0D430AA7}.Debug|Any CPU.ActiveCfg = Debug|Any CPU
		{BF0F204C-F073-476E-91CF-E35B0D430AA7}.Debug|Any CPU.Build.0 = Debug|Any CPU
		{BF0F204C-F073-476E-91CF-E35B0D430AA7}.Release|Any CPU.ActiveCfg = Release|Any CPU
		{BF0F204C-F073-476E-91CF-E35B0D430AA7}.Release|Any CPU.Build.0 = Release|Any CPU
		{9BBCA798-1C4E-4C7F-9F5E-FF01481CFF76}.Debug|Any CPU.ActiveCfg = Debug|Any CPU
		{9BBCA798-1C4E-4C7F-9F5E-FF01481CFF76}.Debug|Any CPU.Build.0 = Debug|Any CPU
		{9BBCA798-1C4E-4C7F-9F5E-FF01481CFF76}.Release|Any CPU.ActiveCfg = Release|Any CPU
		{9BBCA798-1C4E-4C7F-9F5E-FF01481CFF76}.Release|Any CPU.Build.0 = Release|Any CPU
		{BB2C97F6-2AF4-4121-B91F-4743FAA846B7}.Debug|Any CPU.ActiveCfg = Debug|Any CPU
		{BB2C97F6-2AF4-4121-B91F-4743FAA846B7}.Debug|Any CPU.Build.0 = Debug|Any CPU
		{BB2C97F6-2AF4-4121-B91F-4743FAA846B7}.Release|Any CPU.ActiveCfg = Release|Any CPU
		{BB2C97F6-2AF4-4121-B91F-4743FAA846B7}.Release|Any CPU.Build.0 = Release|Any CPU
		{4E4BC102-088E-4965-887D-CFE5DE2ED0C7}.Debug|Any CPU.ActiveCfg = Debug|Any CPU
		{4E4BC102-088E-4965-887D-CFE5DE2ED0C7}.Debug|Any CPU.Build.0 = Debug|Any CPU
		{4E4BC102-088E-4965-887D-CFE5DE2ED0C7}.Release|Any CPU.ActiveCfg = Release|Any CPU
		{4E4BC102-088E-4965-887D-CFE5DE2ED0C7}.Release|Any CPU.Build.0 = Release|Any CPU
		{5DB2F29D-867F-465C-B509-B3AFCBDF0B69}.Debug|Any CPU.ActiveCfg = Debug|Any CPU
		{5DB2F29D-867F-465C-B509-B3AFCBDF0B69}.Debug|Any CPU.Build.0 = Debug|Any CPU
		{5DB2F29D-867F-465C-B509-B3AFCBDF0B69}.Release|Any CPU.ActiveCfg = Release|Any CPU
		{5DB2F29D-867F-465C-B509-B3AFCBDF0B69}.Release|Any CPU.Build.0 = Release|Any CPU
	EndGlobalSection
EndGlobal
